
Microsoft Visual Studio Solution File, Format Version 12.00
# Visual Studio 15
VisualStudioVersion = 15.0.26430.12
MinimumVisualStudioVersion = 10.0.40219.1
Project("{FAE04EC0-301F-11D3-BF4B-00C04F79EFBC}") = "Fiver.Mvc.ViewComponents", "Fiver.Mvc.ViewComponents\Fiver.Mvc.ViewComponents.csproj", "{18298189-81EB-444E-987F-9761A6C45205}"
EndProject
Global
	GlobalSection(SolutionConfigurationPlatforms) = preSolution
		Debug|Any CPU = Debug|Any CPU
		Release|Any CPU = Release|Any CPU
	EndGlobalSection
	GlobalSection(ProjectConfigurationPlatforms) = postSolution
		{18298189-81EB-444E-987F-9761A6C45205}.Debug|Any CPU.ActiveCfg = Debug|Any CPU
		{18298189-81EB-444E-987F-9761A6C45205}.Debug|Any CPU.Build.0 = Debug|Any CPU
		{18298189-81EB-444E-987F-9761A6C45205}.Release|Any CPU.ActiveCfg = Release|Any CPU
		{18298189-81EB-444E-987F-9761A6C45205}.Release|Any CPU.Build.0 = Release|Any CPU
	EndGlobalSection
	GlobalSection(SolutionProperties) = preSolution
		HideSolutionNode = FALSE
	EndGlobalSection
EndGlobal
